
Microsoft Visual Studio Solution File, Format Version 12.00
# Visual Studio Version 17
VisualStudioVersion = 17.0.31903.59
MinimumVisualStudioVersion = 10.0.40219.1
Project("{2150E333-8FDC-42A3-9474-1A3956D46DE8}") = "src", "src", "{239FA366-3253-4796-889E-3C526BD5DF0E}"
EndProject
Project("{FAE04EC0-301F-11D3-BF4B-00C04F79EFBC}") = "Library", "src\Library\Library.csproj", "{729A9531-D575-4724-A0AD-A39DCA45C8BD}"
EndProject
Project("{FAE04EC0-301F-11D3-BF4B-00C04F79EFBC}") = "Program", "src\Program\Program.csproj", "{B93F0155-6157-424D-8B05-D8AE688FF9B8}"
EndProject
Project("{2150E333-8FDC-42A3-9474-1A3956D46DE8}") = "test", "test", "{A0F84056-0763-40B2-BD6B-9C37E6D4CA92}"
EndProject
Project("{FAE04EC0-301F-11D3-BF4B-00C04F79EFBC}") = "Library.Tests", "test\Library.Tests\Library.Tests.csproj", "{4930BD25-4989-48F1-AD90-E026A96F65FB}"
EndProject
Global
	GlobalSection(SolutionConfigurationPlatforms) = preSolution
		Debug|Any CPU = Debug|Any CPU
		Release|Any CPU = Release|Any CPU
	EndGlobalSection
	GlobalSection(SolutionProperties) = preSolution
		HideSolutionNode = FALSE
	EndGlobalSection
	GlobalSection(ProjectConfigurationPlatforms) = postSolution
		{729A9531-D575-4724-A0AD-A39DCA45C8BD}.Debug|Any CPU.ActiveCfg = Debug|Any CPU
		{729A9531-D575-4724-A0AD-A39DCA45C8BD}.Debug|Any CPU.Build.0 = Debug|Any CPU
		{729A9531-D575-4724-A0AD-A39DCA45C8BD}.Release|Any CPU.ActiveCfg = Release|Any CPU
		{729A9531-D575-4724-A0AD-A39DCA45C8BD}.Release|Any CPU.Build.0 = Release|Any CPU
		{B93F0155-6157-424D-8B05-D8AE688FF9B8}.Debug|Any CPU.ActiveCfg = Debug|Any CPU
		{B93F0155-6157-424D-8B05-D8AE688FF9B8}.Debug|Any CPU.Build.0 = Debug|Any CPU
		{B93F0155-6157-424D-8B05-D8AE688FF9B8}.Release|Any CPU.ActiveCfg = Release|Any CPU
		{B93F0155-6157-424D-8B05-D8AE688FF9B8}.Release|Any CPU.Build.0 = Release|Any CPU
		{4930BD25-4989-48F1-AD90-E026A96F65FB}.Debug|Any CPU.ActiveCfg = Debug|Any CPU
		{4930BD25-4989-48F1-AD90-E026A96F65FB}.Debug|Any CPU.Build.0 = Debug|Any CPU
		{4930BD25-4989-48F1-AD90-E026A96F65FB}.Release|Any CPU.ActiveCfg = Release|Any CPU
		{4930BD25-4989-48F1-AD90-E026A96F65FB}.Release|Any CPU.Build.0 = Release|Any CPU
	EndGlobalSection
	GlobalSection(NestedProjects) = preSolution
		{729A9531-D575-4724-A0AD-A39DCA45C8BD} = {239FA366-3253-4796-889E-3C526BD5DF0E}
		{B93F0155-6157-424D-8B05-D8AE688FF9B8} = {239FA366-3253-4796-889E-3C526BD5DF0E}
		{4930BD25-4989-48F1-AD90-E026A96F65FB} = {A0F84056-0763-40B2-BD6B-9C37E6D4CA92}
	EndGlobalSection
EndGlobal
